{
  "name": "spaces-design",
  "version": "0.6.0",
  "dependencies": {
    "bluebird": {
      "version": "3.1.1",
      "from": "https://registry.npmjs.org/bluebird/-/bluebird-3.1.1.tgz",
      "resolved": "https://registry.npmjs.org/bluebird/-/bluebird-3.1.1.tgz"
    },
    "classnames": {
      "version": "2.2.1",
      "from": "https://registry.npmjs.org/classnames/-/classnames-2.2.1.tgz",
      "resolved": "https://registry.npmjs.org/classnames/-/classnames-2.2.1.tgz"
    },
    "d3": {
      "version": "3.5.12",
      "from": "https://registry.npmjs.org/d3/-/d3-3.5.12.tgz",
      "resolved": "https://registry.npmjs.org/d3/-/d3-3.5.12.tgz"
    },
    "fluxxor": {
      "version": "1.7.3",
      "from": "https://registry.npmjs.org/fluxxor/-/fluxxor-1.7.3.tgz",
      "resolved": "https://registry.npmjs.org/fluxxor/-/fluxxor-1.7.3.tgz",
      "dependencies": {
        "eventemitter3": {
          "version": "0.1.6",
          "from": "https://registry.npmjs.org/eventemitter3/-/eventemitter3-0.1.6.tgz",
          "resolved": "https://registry.npmjs.org/eventemitter3/-/eventemitter3-0.1.6.tgz"
        },
        "object-path": {
          "version": "0.6.0",
          "from": "https://registry.npmjs.org/object-path/-/object-path-0.6.0.tgz",
          "resolved": "https://registry.npmjs.org/object-path/-/object-path-0.6.0.tgz"
        }
      }
    },
    "generator-connection": {
      "version": "2.3.0",
      "from": "git+https://github.com/adobe-photoshop/generator-connection.git#ee383cad86ac4fceb2dc4211c4c2185302ec547d",
      "resolved": "git+https://github.com/adobe-photoshop/generator-connection.git#ee383cad86ac4fceb2dc4211c4c2185302ec547d"
    },
    "immutable": {
      "version": "3.7.6",
      "from": "https://registry.npmjs.org/immutable/-/immutable-3.7.6.tgz",
      "resolved": "https://registry.npmjs.org/immutable/-/immutable-3.7.6.tgz"
    },
    "lodash": {
      "version": "3.10.1",
      "from": "https://registry.npmjs.org/lodash/-/lodash-3.10.1.tgz",
      "resolved": "https://registry.npmjs.org/lodash/-/lodash-3.10.1.tgz"
    },
    "loglevel": {
      "version": "1.4.0",
      "from": "https://registry.npmjs.org/loglevel/-/loglevel-1.4.0.tgz",
      "resolved": "https://registry.npmjs.org/loglevel/-/loglevel-1.4.0.tgz"
    },
    "mathjs": {
      "version": "2.5.0",
      "from": "https://registry.npmjs.org/mathjs/-/mathjs-2.5.0.tgz",
      "resolved": "https://registry.npmjs.org/mathjs/-/mathjs-2.5.0.tgz",
      "dependencies": {
        "decimal.js": {
          "version": "4.0.3",
          "from": "https://registry.npmjs.org/decimal.js/-/decimal.js-4.0.3.tgz",
          "resolved": "https://registry.npmjs.org/decimal.js/-/decimal.js-4.0.3.tgz"
        },
        "fraction.js": {
          "version": "3.0.0",
          "from": "https://registry.npmjs.org/fraction.js/-/fraction.js-3.0.0.tgz",
          "resolved": "https://registry.npmjs.org/fraction.js/-/fraction.js-3.0.0.tgz"
        },
        "tiny-emitter": {
          "version": "1.0.2",
          "from": "https://registry.npmjs.org/tiny-emitter/-/tiny-emitter-1.0.2.tgz",
          "resolved": "https://registry.npmjs.org/tiny-emitter/-/tiny-emitter-1.0.2.tgz"
        },
        "typed-function": {
          "version": "0.10.3",
          "from": "https://registry.npmjs.org/typed-function/-/typed-function-0.10.3.tgz",
          "resolved": "https://registry.npmjs.org/typed-function/-/typed-function-0.10.3.tgz"
        }
      }
    },
    "react": {
      "version": "0.14.6",
      "from": "react@>=0.14.6 <0.15.0",
      "resolved": "https://registry.npmjs.org/react/-/react-0.14.6.tgz",
      "dependencies": {
        "envify": {
          "version": "3.4.0",
          "from": "envify@>=3.0.0 <4.0.0",
          "resolved": "https://registry.npmjs.org/envify/-/envify-3.4.0.tgz",
          "dependencies": {
            "through": {
              "version": "2.3.8",
              "from": "through@>=2.3.4 <2.4.0",
              "resolved": "https://registry.npmjs.org/through/-/through-2.3.8.tgz"
            },
            "jstransform": {
              "version": "10.1.0",
              "from": "jstransform@>=10.0.1 <11.0.0",
              "resolved": "https://registry.npmjs.org/jstransform/-/jstransform-10.1.0.tgz",
              "dependencies": {
                "base62": {
                  "version": "0.1.1",
                  "from": "base62@0.1.1",
                  "resolved": "https://registry.npmjs.org/base62/-/base62-0.1.1.tgz"
                },
                "esprima-fb": {
                  "version": "13001.1001.0-dev-harmony-fb",
                  "from": "esprima-fb@13001.1001.0-dev-harmony-fb",
                  "resolved": "https://registry.npmjs.org/esprima-fb/-/esprima-fb-13001.1001.0-dev-harmony-fb.tgz"
                },
                "source-map": {
                  "version": "0.1.31",
                  "from": "source-map@0.1.31",
                  "resolved": "https://registry.npmjs.org/source-map/-/source-map-0.1.31.tgz",
                  "dependencies": {
                    "amdefine": {
                      "version": "1.0.0",
                      "from": "amdefine@>=0.0.4",
                      "resolved": "https://registry.npmjs.org/amdefine/-/amdefine-1.0.0.tgz"
                    }
                  }
                }
              }
            }
          }
        },
        "fbjs": {
          "version": "0.6.1",
          "from": "fbjs@>=0.6.1 <0.7.0",
          "resolved": "https://registry.npmjs.org/fbjs/-/fbjs-0.6.1.tgz",
          "dependencies": {
            "core-js": {
              "version": "1.2.6",
              "from": "core-js@>=1.0.0 <2.0.0",
              "resolved": "https://registry.npmjs.org/core-js/-/core-js-1.2.6.tgz"
            },
            "loose-envify": {
              "version": "1.1.0",
              "from": "loose-envify@>=1.0.0 <2.0.0",
              "resolved": "https://registry.npmjs.org/loose-envify/-/loose-envify-1.1.0.tgz",
              "dependencies": {
                "js-tokens": {
                  "version": "1.0.2",
                  "from": "js-tokens@>=1.0.1 <2.0.0",
                  "resolved": "https://registry.npmjs.org/js-tokens/-/js-tokens-1.0.2.tgz"
                }
              }
            },
            "promise": {
              "version": "7.1.1",
              "from": "promise@>=7.0.3 <8.0.0",
              "resolved": "https://registry.npmjs.org/promise/-/promise-7.1.1.tgz",
              "dependencies": {
                "asap": {
                  "version": "2.0.3",
                  "from": "asap@>=2.0.3 <2.1.0",
                  "resolved": "https://registry.npmjs.org/asap/-/asap-2.0.3.tgz"
                }
              }
            },
            "ua-parser-js": {
              "version": "0.7.10",
              "from": "ua-parser-js@>=0.7.9 <0.8.0",
              "resolved": "https://registry.npmjs.org/ua-parser-js/-/ua-parser-js-0.7.10.tgz"
            },
            "whatwg-fetch": {
              "version": "0.9.0",
              "from": "whatwg-fetch@>=0.9.0 <0.10.0",
              "resolved": "https://registry.npmjs.org/whatwg-fetch/-/whatwg-fetch-0.9.0.tgz"
            }
          }
        }
      }
    },
    "react-addons-perf": {
      "version": "0.14.6",
      "from": "react-addons-perf@>=0.14.6 <0.15.0",
      "resolved": "https://registry.npmjs.org/react-addons-perf/-/react-addons-perf-0.14.6.tgz"
    },
    "react-addons-pure-render-mixin": {
      "version": "0.14.6",
      "from": "react-addons-pure-render-mixin@>=0.14.6 <0.15.0",
      "resolved": "https://registry.npmjs.org/react-addons-pure-render-mixin/-/react-addons-pure-render-mixin-0.14.6.tgz"
    },
    "react-dom": {
      "version": "0.14.6",
      "from": "react-dom@>=0.14.6 <0.15.0",
      "resolved": "https://registry.npmjs.org/react-dom/-/react-dom-0.14.6.tgz"
    },
    "scriptjs": {
      "version": "2.5.8",
      "from": "https://registry.npmjs.org/scriptjs/-/scriptjs-2.5.8.tgz",
      "resolved": "https://registry.npmjs.org/scriptjs/-/scriptjs-2.5.8.tgz"
    },
    "spaces-adapter": {
      "version": "0.32.0",
      "from": "git+https://github.com/adobe-photoshop/spaces-adapter.git#165a74d3f06ca0b1ef6346d08e612063de108e1e",
      "resolved": "git+https://github.com/adobe-photoshop/spaces-adapter.git#165a74d3f06ca0b1ef6346d08e612063de108e1e",
      "dependencies": {
        "qunitjs": {
          "version": "1.20.0",
          "from": "https://registry.npmjs.org/qunitjs/-/qunitjs-1.20.0.tgz",
          "resolved": "https://registry.npmjs.org/qunitjs/-/qunitjs-1.20.0.tgz"
        }
      }
    },
    "tinycolor2": {
      "version": "1.3.0",
      "from": "https://registry.npmjs.org/tinycolor2/-/tinycolor2-1.3.0.tgz",
      "resolved": "https://registry.npmjs.org/tinycolor2/-/tinycolor2-1.3.0.tgz"
    },
    "wolfy87-eventemitter": {
      "version": "4.3.0",
      "from": "https://registry.npmjs.org/wolfy87-eventemitter/-/wolfy87-eventemitter-4.3.0.tgz",
      "resolved": "https://registry.npmjs.org/wolfy87-eventemitter/-/wolfy87-eventemitter-4.3.0.tgz"
    }
  }
}
